
Microsoft Visual Studio Solution File, Format Version 12.00
# Visual Studio 2012
Project("{FAE04EC0-301F-11D3-BF4B-00C04F79EFBC}") = "Sandbox", "Sandbox\Sandbox.csproj", "{7CCAFE3F-BD27-4C29-9600-C8868BA9C5A9}"
EndProject
Project("{FAE04EC0-301F-11D3-BF4B-00C04F79EFBC}") = "ImageGeneration", "ImageGeneration\ImageGeneration.csproj", "{C2CE67E4-F009-4990-AAE5-40DDF0218C7F}"
EndProject
Global
	GlobalSection(SolutionConfigurationPlatforms) = preSolution
		Debug|Any CPU = Debug|Any CPU
		Release|Any CPU = Release|Any CPU
	EndGlobalSection
	GlobalSection(ProjectConfigurationPlatforms) = postSolution
		{7CCAFE3F-BD27-4C29-9600-C8868BA9C5A9}.Debug|Any CPU.ActiveCfg = Debug|Any CPU
		{7CCAFE3F-BD27-4C29-9600-C8868BA9C5A9}.Debug|Any CPU.Build.0 = Debug|Any CPU
		{7CCAFE3F-BD27-4C29-9600-C8868BA9C5A9}.Release|Any CPU.ActiveCfg = Release|Any CPU
		{7CCAFE3F-BD27-4C29-9600-C8868BA9C5A9}.Release|Any CPU.Build.0 = Release|Any CPU
		{C2CE67E4-F009-4990-AAE5-40DDF0218C7F}.Debug|Any CPU.ActiveCfg = Debug|Any CPU
		{C2CE67E4-F009-4990-AAE5-40DDF0218C7F}.Debug|Any CPU.Build.0 = Debug|Any CPU
		{C2CE67E4-F009-4990-AAE5-40DDF0218C7F}.Release|Any CPU.ActiveCfg = Release|Any CPU
		{C2CE67E4-F009-4990-AAE5-40DDF0218C7F}.Release|Any CPU.Build.0 = Release|Any CPU
	EndGlobalSection
	GlobalSection(SolutionProperties) = preSolution
		HideSolutionNode = FALSE
	EndGlobalSection
EndGlobal
